
Microsoft Visual Studio Solution File, Format Version 12.00
# Visual Studio Version 17
VisualStudioVersion = 17.0.31717.71
MinimumVisualStudioVersion = 10.0.40219.1
Project("{9A19103F-16F7-4668-BE54-9A1E7A4F7556}") = "ProcessForUWP.Desktop", "ProcessForUWP.Desktop\ProcessForUWP.Desktop.csproj", "{A3C1F2AC-0227-45F2-B17A-E4C8599A028F}"
EndProject
Project("{2150E333-8FDC-42A3-9474-1A3956D46DE8}") = "Demo", "Demo", "{083B1D8B-3D8A-4DDF-A7BF-216426150A15}"
EndProject
Project("{FAE04EC0-301F-11D3-BF4B-00C04F79EFBC}") = "ProcessForUWP.Demo", "Demo\ProcessForUWP.Demo\ProcessForUWP.Demo.csproj", "{9FA1950F-5340-409C-A87C-F4DA83B251C5}"
EndProject
Project("{C7167F0D-BC9F-4E6E-AFE1-012C56B48DB5}") = "ProcessForUWP.Demo.Host", "Demo\ProcessForUWP.Demo.Host\ProcessForUWP.Demo.Host.wapproj", "{C3FC2604-606D-497D-ABA8-3189EE259D04}"
EndProject
Project("{9A19103F-16F7-4668-BE54-9A1E7A4F7556}") = "ProcessForUWP.Demo.Delegate", "Demo\ProcessForUWP.Demo.Delegate\ProcessForUWP.Demo.Delegate.csproj", "{9A7C8448-2A9B-42FB-BB75-8F3B8DF120B8}"
EndProject
Project("{9A19103F-16F7-4668-BE54-9A1E7A4F7556}") = "ProcessForUWP.Core", "ProcessForUWP.Core\ProcessForUWP.Core.csproj", "{8F7D38DD-8FDA-4EE1-8815-67174E3E4C7B}"
EndProject
Project("{FAE04EC0-301F-11D3-BF4B-00C04F79EFBC}") = "ProcessForUWP.UWP", "ProcessForUWP.UWP\ProcessForUWP.UWP.csproj", "{3B34D0AA-E471-4F7A-A1D1-CE632903E4FB}"
EndProject
Global
	GlobalSection(SolutionConfigurationPlatforms) = preSolution
		Debug|Any CPU = Debug|Any CPU
		Debug|ARM = Debug|ARM
		Debug|ARM64 = Debug|ARM64
		Debug|x64 = Debug|x64
		Debug|x86 = Debug|x86
		Release|Any CPU = Release|Any CPU
		Release|ARM = Release|ARM
		Release|ARM64 = Release|ARM64
		Release|x64 = Release|x64
		Release|x86 = Release|x86
	EndGlobalSection
	GlobalSection(ProjectConfigurationPlatforms) = postSolution
		{A3C1F2AC-0227-45F2-B17A-E4C8599A028F}.Debug|Any CPU.ActiveCfg = Debug|Any CPU
		{A3C1F2AC-0227-45F2-B17A-E4C8599A028F}.Debug|Any CPU.Build.0 = Debug|Any CPU
		{A3C1F2AC-0227-45F2-B17A-E4C8599A028F}.Debug|ARM.ActiveCfg = Debug|Any CPU
		{A3C1F2AC-0227-45F2-B17A-E4C8599A028F}.Debug|ARM.Build.0 = Debug|Any CPU
		{A3C1F2AC-0227-45F2-B17A-E4C8599A028F}.Debug|ARM64.ActiveCfg = Debug|Any CPU
		{A3C1F2AC-0227-45F2-B17A-E4C8599A028F}.Debug|ARM64.Build.0 = Debug|Any CPU
		{A3C1F2AC-0227-45F2-B17A-E4C8599A028F}.Debug|x64.ActiveCfg = Debug|Any CPU
		{A3C1F2AC-0227-45F2-B17A-E4C8599A028F}.Debug|x64.Build.0 = Debug|Any CPU
		{A3C1F2AC-0227-45F2-B17A-E4C8599A028F}.Debug|x86.ActiveCfg = Debug|Any CPU
		{A3C1F2AC-0227-45F2-B17A-E4C8599A028F}.Debug|x86.Build.0 = Debug|Any CPU
		{A3C1F2AC-0227-45F2-B17A-E4C8599A028F}.Release|Any CPU.ActiveCfg = Release|Any CPU
		{A3C1F2AC-0227-45F2-B17A-E4C8599A028F}.Release|Any CPU.Build.0 = Release|Any CPU
		{A3C1F2AC-0227-45F2-B17A-E4C8599A028F}.Release|ARM.ActiveCfg = Release|Any CPU
		{A3C1F2AC-0227-45F2-B17A-E4C8599A028F}.Release|ARM.Build.0 = Release|Any CPU
		{A3C1F2AC-0227-45F2-B17A-E4C8599A028F}.Release|ARM64.ActiveCfg = Release|Any CPU
		{A3C1F2AC-0227-45F2-B17A-E4C8599A028F}.Release|ARM64.Build.0 = Release|Any CPU
		{A3C1F2AC-0227-45F2-B17A-E4C8599A028F}.Release|x64.ActiveCfg = Release|Any CPU
		{A3C1F2AC-0227-45F2-B17A-E4C8599A028F}.Release|x64.Build.0 = Release|Any CPU
		{A3C1F2AC-0227-45F2-B17A-E4C8599A028F}.Release|x86.ActiveCfg = Release|Any CPU
		{A3C1F2AC-0227-45F2-B17A-E4C8599A028F}.Release|x86.Build.0 = Release|Any CPU
		{9FA1950F-5340-409C-A87C-F4DA83B251C5}.Debug|Any CPU.ActiveCfg = Debug|Any CPU
		{9FA1950F-5340-409C-A87C-F4DA83B251C5}.Debug|Any CPU.Build.0 = Debug|Any CPU
		{9FA1950F-5340-409C-A87C-F4DA83B251C5}.Debug|ARM.ActiveCfg = Debug|ARM
		{9FA1950F-5340-409C-A87C-F4DA83B251C5}.Debug|ARM.Build.0 = Debug|ARM
		{9FA1950F-5340-409C-A87C-F4DA83B251C5}.Debug|ARM64.ActiveCfg = Debug|ARM64
		{9FA1950F-5340-409C-A87C-F4DA83B251C5}.Debug|ARM64.Build.0 = Debug|ARM64
		{9FA1950F-5340-409C-A87C-F4DA83B251C5}.Debug|x64.ActiveCfg = Debug|x64
		{9FA1950F-5340-409C-A87C-F4DA83B251C5}.Debug|x64.Build.0 = Debug|x64
		{9FA1950F-5340-409C-A87C-F4DA83B251C5}.Debug|x86.ActiveCfg = Debug|x86
		{9FA1950F-5340-409C-A87C-F4DA83B251C5}.Debug|x86.Build.0 = Debug|x86
		{9FA1950F-5340-409C-A87C-F4DA83B251C5}.Release|Any CPU.ActiveCfg = Release|Any CPU
		{9FA1950F-5340-409C-A87C-F4DA83B251C5}.Release|Any CPU.Build.0 = Release|Any CPU
		{9FA1950F-5340-409C-A87C-F4DA83B251C5}.Release|ARM.ActiveCfg = Release|ARM
		{9FA1950F-5340-409C-A87C-F4DA83B251C5}.Release|ARM.Build.0 = Release|ARM
		{9FA1950F-5340-409C-A87C-F4DA83B251C5}.Release|ARM64.ActiveCfg = Release|ARM64
		{9FA1950F-5340-409C-A87C-F4DA83B251C5}.Release|ARM64.Build.0 = Release|ARM64
		{9FA1950F-5340-409C-A87C-F4DA83B251C5}.Release|x64.ActiveCfg = Release|x64
		{9FA1950F-5340-409C-A87C-F4DA83B251C5}.Release|x64.Build.0 = Release|x64
		{9FA1950F-5340-409C-A87C-F4DA83B251C5}.Release|x86.ActiveCfg = Release|x86
		{9FA1950F-5340-409C-A87C-F4DA83B251C5}.Release|x86.Build.0 = Release|x86
		{C3FC2604-606D-497D-ABA8-3189EE259D04}.Debug|Any CPU.ActiveCfg = Debug|Any CPU
		{C3FC2604-606D-497D-ABA8-3189EE259D04}.Debug|Any CPU.Build.0 = Debug|Any CPU
		{C3FC2604-606D-497D-ABA8-3189EE259D04}.Debug|Any CPU.Deploy.0 = Debug|Any CPU
		{C3FC2604-606D-497D-ABA8-3189EE259D04}.Debug|ARM.ActiveCfg = Debug|ARM
		{C3FC2604-606D-497D-ABA8-3189EE259D04}.Debug|ARM.Build.0 = Debug|ARM
		{C3FC2604-606D-497D-ABA8-3189EE259D04}.Debug|ARM.Deploy.0 = Debug|ARM
		{C3FC2604-606D-497D-ABA8-3189EE259D04}.Debug|ARM64.ActiveCfg = Debug|ARM64
		{C3FC2604-606D-497D-ABA8-3189EE259D04}.Debug|ARM64.Build.0 = Debug|ARM64
		{C3FC2604-606D-497D-ABA8-3189EE259D04}.Debug|ARM64.Deploy.0 = Debug|ARM64
		{C3FC2604-606D-497D-ABA8-3189EE259D04}.Debug|x64.ActiveCfg = Debug|x64
		{C3FC2604-606D-497D-ABA8-3189EE259D04}.Debug|x64.Build.0 = Debug|x64
		{C3FC2604-606D-497D-ABA8-3189EE259D04}.Debug|x64.Deploy.0 = Debug|x64
		{C3FC2604-606D-497D-ABA8-3189EE259D04}.Debug|x86.ActiveCfg = Debug|x86
		{C3FC2604-606D-497D-ABA8-3189EE259D04}.Debug|x86.Build.0 = Debug|x86
		{C3FC2604-606D-497D-ABA8-3189EE259D04}.Debug|x86.Deploy.0 = Debug|x86
		{C3FC2604-606D-497D-ABA8-3189EE259D04}.Release|Any CPU.ActiveCfg = Release|Any CPU
		{C3FC2604-606D-497D-ABA8-3189EE259D04}.Release|Any CPU.Build.0 = Release|Any CPU
		{C3FC2604-606D-497D-ABA8-3189EE259D04}.Release|Any CPU.Deploy.0 = Release|Any CPU
		{C3FC2604-606D-497D-ABA8-3189EE259D04}.Release|ARM.ActiveCfg = Release|ARM
		{C3FC2604-606D-497D-ABA8-3189EE259D04}.Release|ARM.Build.0 = Release|ARM
		{C3FC2604-606D-497D-ABA8-3189EE259D04}.Release|ARM.Deploy.0 = Release|ARM
		{C3FC2604-606D-497D-ABA8-3189EE259D04}.Release|ARM64.ActiveCfg = Release|ARM64
		{C3FC2604-606D-497D-ABA8-3189EE259D04}.Release|ARM64.Build.0 = Release|ARM64
		{C3FC2604-606D-497D-ABA8-3189EE259D04}.Release|ARM64.Deploy.0 = Release|ARM64
		{C3FC2604-606D-497D-ABA8-3189EE259D04}.Release|x64.ActiveCfg = Release|x64
		{C3FC2604-606D-497D-ABA8-3189EE259D04}.Release|x64.Build.0 = Release|x64
		{C3FC2604-606D-497D-ABA8-3189EE259D04}.Release|x64.Deploy.0 = Release|x64
		{C3FC2604-606D-497D-ABA8-3189EE259D04}.Release|x86.ActiveCfg = Release|x86
		{C3FC2604-606D-497D-ABA8-3189EE259D04}.Release|x86.Build.0 = Release|x86
		{C3FC2604-606D-497D-ABA8-3189EE259D04}.Release|x86.Deploy.0 = Release|x86
		{9A7C8448-2A9B-42FB-BB75-8F3B8DF120B8}.Debug|Any CPU.ActiveCfg = Debug|Any CPU
		{9A7C8448-2A9B-42FB-BB75-8F3B8DF120B8}.Debug|Any CPU.Build.0 = Debug|Any CPU
		{9A7C8448-2A9B-42FB-BB75-8F3B8DF120B8}.Debug|ARM.ActiveCfg = Debug|Any CPU
		{9A7C8448-2A9B-42FB-BB75-8F3B8DF120B8}.Debug|ARM.Build.0 = Debug|Any CPU
		{9A7C8448-2A9B-42FB-BB75-8F3B8DF120B8}.Debug|ARM64.ActiveCfg = Debug|Any CPU
		{9A7C8448-2A9B-42FB-BB75-8F3B8DF120B8}.Debug|ARM64.Build.0 = Debug|Any CPU
		{9A7C8448-2A9B-42FB-BB75-8F3B8DF120B8}.Debug|x64.ActiveCfg = Debug|Any CPU
		{9A7C8448-2A9B-42FB-BB75-8F3B8DF120B8}.Debug|x64.Build.0 = Debug|Any CPU
		{9A7C8448-2A9B-42FB-BB75-8F3B8DF120B8}.Debug|x86.ActiveCfg = Debug|Any CPU
		{9A7C8448-2A9B-42FB-BB75-8F3B8DF120B8}.Debug|x86.Build.0 = Debug|Any CPU
		{9A7C8448-2A9B-42FB-BB75-8F3B8DF120B8}.Release|Any CPU.ActiveCfg = Release|Any CPU
		{9A7C8448-2A9B-42FB-BB75-8F3B8DF120B8}.Release|Any CPU.Build.0 = Release|Any CPU
		{9A7C8448-2A9B-42FB-BB75-8F3B8DF120B8}.Release|ARM.ActiveCfg = Release|Any CPU
		{9A7C8448-2A9B-42FB-BB75-8F3B8DF120B8}.Release|ARM.Build.0 = Release|Any CPU
		{9A7C8448-2A9B-42FB-BB75-8F3B8DF120B8}.Release|ARM64.ActiveCfg = Release|Any CPU
		{9A7C8448-2A9B-42FB-BB75-8F3B8DF120B8}.Release|ARM64.Build.0 = Release|Any CPU
		{9A7C8448-2A9B-42FB-BB75-8F3B8DF120B8}.Release|x64.ActiveCfg = Release|Any CPU
		{9A7C8448-2A9B-42FB-BB75-8F3B8DF120B8}.Release|x64.Build.0 = Release|Any CPU
		{9A7C8448-2A9B-42FB-BB75-8F3B8DF120B8}.Release|x86.ActiveCfg = Release|Any CPU
		{9A7C8448-2A9B-42FB-BB75-8F3B8DF120B8}.Release|x86.Build.0 = Release|Any CPU
		{8F7D38DD-8FDA-4EE1-8815-67174E3E4C7B}.Debug|Any CPU.ActiveCfg = Debug|Any CPU
		{8F7D38DD-8FDA-4EE1-8815-67174E3E4C7B}.Debug|Any CPU.Build.0 = Debug|Any CPU
		{8F7D38DD-8FDA-4EE1-8815-67174E3E4C7B}.Debug|ARM.ActiveCfg = Debug|Any CPU
		{8F7D38DD-8FDA-4EE1-8815-67174E3E4C7B}.Debug|ARM.Build.0 = Debug|Any CPU
		{8F7D38DD-8FDA-4EE1-8815-67174E3E4C7B}.Debug|ARM64.ActiveCfg = Debug|Any CPU
		{8F7D38DD-8FDA-4EE1-8815-67174E3E4C7B}.Debug|ARM64.Build.0 = Debug|Any CPU
		{8F7D38DD-8FDA-4EE1-8815-67174E3E4C7B}.Debug|x64.ActiveCfg = Debug|Any CPU
		{8F7D38DD-8FDA-4EE1-8815-67174E3E4C7B}.Debug|x64.Build.0 = Debug|Any CPU
		{8F7D38DD-8FDA-4EE1-8815-67174E3E4C7B}.Debug|x86.ActiveCfg = Debug|Any CPU
		{8F7D38DD-8FDA-4EE1-8815-67174E3E4C7B}.Debug|x86.Build.0 = Debug|Any CPU
		{8F7D38DD-8FDA-4EE1-8815-67174E3E4C7B}.Release|Any CPU.ActiveCfg = Release|Any CPU
		{8F7D38DD-8FDA-4EE1-8815-67174E3E4C7B}.Release|Any CPU.Build.0 = Release|Any CPU
		{8F7D38DD-8FDA-4EE1-8815-67174E3E4C7B}.Release|ARM.ActiveCfg = Release|Any CPU
		{8F7D38DD-8FDA-4EE1-8815-67174E3E4C7B}.Release|ARM.Build.0 = Release|Any CPU
		{8F7D38DD-8FDA-4EE1-8815-67174E3E4C7B}.Release|ARM64.ActiveCfg = Release|Any CPU
		{8F7D38DD-8FDA-4EE1-8815-67174E3E4C7B}.Release|ARM64.Build.0 = Release|Any CPU
		{8F7D38DD-8FDA-4EE1-8815-67174E3E4C7B}.Release|x64.ActiveCfg = Release|Any CPU
		{8F7D38DD-8FDA-4EE1-8815-67174E3E4C7B}.Release|x64.Build.0 = Release|Any CPU
		{8F7D38DD-8FDA-4EE1-8815-67174E3E4C7B}.Release|x86.ActiveCfg = Release|Any CPU
		{8F7D38DD-8FDA-4EE1-8815-67174E3E4C7B}.Release|x86.Build.0 = Release|Any CPU
		{3B34D0AA-E471-4F7A-A1D1-CE632903E4FB}.Debug|Any CPU.ActiveCfg = Debug|Any CPU
		{3B34D0AA-E471-4F7A-A1D1-CE632903E4FB}.Debug|Any CPU.Build.0 = Debug|Any CPU
		{3B34D0AA-E471-4F7A-A1D1-CE632903E4FB}.Debug|ARM.ActiveCfg = Debug|Any CPU
		{3B34D0AA-E471-4F7A-A1D1-CE632903E4FB}.Debug|ARM.Build.0 = Debug|Any CPU
		{3B34D0AA-E471-4F7A-A1D1-CE632903E4FB}.Debug|ARM64.ActiveCfg = Debug|Any CPU
		{3B34D0AA-E471-4F7A-A1D1-CE632903E4FB}.Debug|ARM64.Build.0 = Debug|Any CPU
		{3B34D0AA-E471-4F7A-A1D1-CE632903E4FB}.Debug|x64.ActiveCfg = Debug|Any CPU
		{3B34D0AA-E471-4F7A-A1D1-CE632903E4FB}.Debug|x64.Build.0 = Debug|Any CPU
		{3B34D0AA-E471-4F7A-A1D1-CE632903E4FB}.Debug|x86.ActiveCfg = Debug|Any CPU
		{3B34D0AA-E471-4F7A-A1D1-CE632903E4FB}.Debug|x86.Build.0 = Debug|Any CPU
		{3B34D0AA-E471-4F7A-A1D1-CE632903E4FB}.Release|Any CPU.ActiveCfg = Release|Any CPU
		{3B34D0AA-E471-4F7A-A1D1-CE632903E4FB}.Release|Any CPU.Build.0 = Release|Any CPU
		{3B34D0AA-E471-4F7A-A1D1-CE632903E4FB}.Release|ARM.ActiveCfg = Release|Any CPU
		{3B34D0AA-E471-4F7A-A1D1-CE632903E4FB}.Release|ARM.Build.0 = Release|Any CPU
		{3B34D0AA-E471-4F7A-A1D1-CE632903E4FB}.Release|ARM64.ActiveCfg = Release|Any CPU
		{3B34D0AA-E471-4F7A-A1D1-CE632903E4FB}.Release|ARM64.Build.0 = Release|Any CPU
		{3B34D0AA-E471-4F7A-A1D1-CE632903E4FB}.Release|x64.ActiveCfg = Release|Any CPU
		{3B34D0AA-E471-4F7A-A1D1-CE632903E4FB}.Release|x64.Build.0 = Release|Any CPU
		{3B34D0AA-E471-4F7A-A1D1-CE632903E4FB}.Release|x86.ActiveCfg = Release|Any CPU
		{3B34D0AA-E471-4F7A-A1D1-CE632903E4FB}.Release|x86.Build.0 = Release|Any CPU
	EndGlobalSection
	GlobalSection(SolutionProperties) = preSolution
		HideSolutionNode = FALSE
	EndGlobalSection
	GlobalSection(NestedProjects) = preSolution
		{9FA1950F-5340-409C-A87C-F4DA83B251C5} = {083B1D8B-3D8A-4DDF-A7BF-216426150A15}
		{C3FC2604-606D-497D-ABA8-3189EE259D04} = {083B1D8B-3D8A-4DDF-A7BF-216426150A15}
		{9A7C8448-2A9B-42FB-BB75-8F3B8DF120B8} = {083B1D8B-3D8A-4DDF-A7BF-216426150A15}
	EndGlobalSection
	GlobalSection(ExtensibilityGlobals) = postSolution
		SolutionGuid = {EE8D3EF8-0DB0-4293-869A-C92F07CC849D}
	EndGlobalSection
EndGlobal
