
Microsoft Visual Studio Solution File, Format Version 12.00
# Visual Studio Version 17
VisualStudioVersion = 17.0.31717.71
MinimumVisualStudioVersion = 10.0.40219.1
Project("{9A19103F-16F7-4668-BE54-9A1E7A4F7556}") = "ProcessForUWP.Desktop", "ProcessForUWP.Desktop\ProcessForUWP.Desktop.csproj", "{A3C1F2AC-0227-45F2-B17A-E4C8599A028F}"
EndProject
Project("{2150E333-8FDC-42A3-9474-1A3956D46DE8}") = "Demo", "Demo", "{083B1D8B-3D8A-4DDF-A7BF-216426150A15}"
EndProject
Project("{FAE04EC0-301F-11D3-BF4B-00C04F79EFBC}") = "ProcessForUWP.Demo", "Demo\ProcessForUWP.Demo\ProcessForUWP.Demo.csproj", "{9FA1950F-5340-409C-A87C-F4DA83B251C5}"
EndProject
Project("{C7167F0D-BC9F-4E6E-AFE1-012C56B48DB5}") = "ProcessForUWP.Demo.Host", "Demo\ProcessForUWP.Demo.Host\ProcessForUWP.Demo.Host.wapproj", "{C3FC2604-606D-497D-ABA8-3189EE259D04}"
EndProject
Project("{9A19103F-16F7-4668-BE54-9A1E7A4F7556}") = "ProcessForUWP.Demo.Delegate", "Demo\ProcessForUWP.Demo.Delegate\ProcessForUWP.Demo.Delegate.csproj", "{9A7C8448-2A9B-42FB-BB75-8F3B8DF120B8}"
EndProject
Project("{9A19103F-16F7-4668-BE54-9A1E7A4F7556}") = "ProcessForUWP.UWP", "ProcessForUWP.UWP\ProcessForUWP.UWP.csproj", "{3B34D0AA-E471-4F7A-A1D1-CE632903E4FB}"
EndProject
Project("{8BC9CEB8-8B4A-11D0-8D11-00A0C91BC942}") = "ProcessForUWP.Core", "ProcessForUWP.Core\ProcessForUWP.Core.vcxproj", "{909E1397-B1B9-4772-9266-34833A0B277C}"
EndProject
Project("{FAE04EC0-301F-11D3-BF4B-00C04F79EFBC}") = "ProcessForUWP.Projection", "ProcessForUWP.Projection\ProcessForUWP.Projection.csproj", "{B833DA1B-775F-4713-8AE6-935917C6CC31}"
	ProjectSection(ProjectDependencies) = postProject
		{909E1397-B1B9-4772-9266-34833A0B277C} = {909E1397-B1B9-4772-9266-34833A0B277C}
	EndProjectSection
EndProject
Project("{2150E333-8FDC-42A3-9474-1A3956D46DE8}") = "Analyzers", "Analyzers", "{F883AD26-E2D9-0064-49F2-B333EF800629}"
EndProject
Project("{FAE04EC0-301F-11D3-BF4B-00C04F79EFBC}") = "WinRTWrapper.SourceGenerators", "..\WinRTWrapper\WinRTWrapper.SourceGenerators\WinRTWrapper.SourceGenerators.csproj", "{44B7CD69-D95D-61F4-5F62-48C37228191D}"
EndProject
Global
	GlobalSection(SolutionConfigurationPlatforms) = preSolution
		Debug|ARM = Debug|ARM
		Debug|ARM64 = Debug|ARM64
		Debug|x64 = Debug|x64
		Debug|x86 = Debug|x86
		Release|ARM = Release|ARM
		Release|ARM64 = Release|ARM64
		Release|x64 = Release|x64
		Release|x86 = Release|x86
	EndGlobalSection
	GlobalSection(ProjectConfigurationPlatforms) = postSolution
		{A3C1F2AC-0227-45F2-B17A-E4C8599A028F}.Debug|ARM.ActiveCfg = Debug|Any CPU
		{A3C1F2AC-0227-45F2-B17A-E4C8599A028F}.Debug|ARM.Build.0 = Debug|Any CPU
		{A3C1F2AC-0227-45F2-B17A-E4C8599A028F}.Debug|ARM64.ActiveCfg = Debug|Any CPU
		{A3C1F2AC-0227-45F2-B17A-E4C8599A028F}.Debug|ARM64.Build.0 = Debug|Any CPU
		{A3C1F2AC-0227-45F2-B17A-E4C8599A028F}.Debug|x64.ActiveCfg = Debug|Any CPU
		{A3C1F2AC-0227-45F2-B17A-E4C8599A028F}.Debug|x64.Build.0 = Debug|Any CPU
		{A3C1F2AC-0227-45F2-B17A-E4C8599A028F}.Debug|x86.ActiveCfg = Debug|Any CPU
		{A3C1F2AC-0227-45F2-B17A-E4C8599A028F}.Debug|x86.Build.0 = Debug|Any CPU
		{A3C1F2AC-0227-45F2-B17A-E4C8599A028F}.Release|ARM.ActiveCfg = Release|Any CPU
		{A3C1F2AC-0227-45F2-B17A-E4C8599A028F}.Release|ARM.Build.0 = Release|Any CPU
		{A3C1F2AC-0227-45F2-B17A-E4C8599A028F}.Release|ARM64.ActiveCfg = Release|Any CPU
		{A3C1F2AC-0227-45F2-B17A-E4C8599A028F}.Release|ARM64.Build.0 = Release|Any CPU
		{A3C1F2AC-0227-45F2-B17A-E4C8599A028F}.Release|x64.ActiveCfg = Release|Any CPU
		{A3C1F2AC-0227-45F2-B17A-E4C8599A028F}.Release|x64.Build.0 = Release|Any CPU
		{A3C1F2AC-0227-45F2-B17A-E4C8599A028F}.Release|x86.ActiveCfg = Release|Any CPU
		{A3C1F2AC-0227-45F2-B17A-E4C8599A028F}.Release|x86.Build.0 = Release|Any CPU
		{9FA1950F-5340-409C-A87C-F4DA83B251C5}.Debug|ARM.ActiveCfg = Debug|ARM
		{9FA1950F-5340-409C-A87C-F4DA83B251C5}.Debug|ARM.Build.0 = Debug|ARM
		{9FA1950F-5340-409C-A87C-F4DA83B251C5}.Debug|ARM64.ActiveCfg = Debug|ARM64
		{9FA1950F-5340-409C-A87C-F4DA83B251C5}.Debug|ARM64.Build.0 = Debug|ARM64
		{9FA1950F-5340-409C-A87C-F4DA83B251C5}.Debug|x64.ActiveCfg = Debug|x64
		{9FA1950F-5340-409C-A87C-F4DA83B251C5}.Debug|x64.Build.0 = Debug|x64
		{9FA1950F-5340-409C-A87C-F4DA83B251C5}.Debug|x86.ActiveCfg = Debug|x86
		{9FA1950F-5340-409C-A87C-F4DA83B251C5}.Debug|x86.Build.0 = Debug|x86
		{9FA1950F-5340-409C-A87C-F4DA83B251C5}.Release|ARM.ActiveCfg = Release|ARM
		{9FA1950F-5340-409C-A87C-F4DA83B251C5}.Release|ARM.Build.0 = Release|ARM
		{9FA1950F-5340-409C-A87C-F4DA83B251C5}.Release|ARM64.ActiveCfg = Release|ARM64
		{9FA1950F-5340-409C-A87C-F4DA83B251C5}.Release|ARM64.Build.0 = Release|ARM64
		{9FA1950F-5340-409C-A87C-F4DA83B251C5}.Release|x64.ActiveCfg = Release|x64
		{9FA1950F-5340-409C-A87C-F4DA83B251C5}.Release|x64.Build.0 = Release|x64
		{9FA1950F-5340-409C-A87C-F4DA83B251C5}.Release|x86.ActiveCfg = Release|x86
		{9FA1950F-5340-409C-A87C-F4DA83B251C5}.Release|x86.Build.0 = Release|x86
		{C3FC2604-606D-497D-ABA8-3189EE259D04}.Debug|ARM.ActiveCfg = Debug|ARM
		{C3FC2604-606D-497D-ABA8-3189EE259D04}.Debug|ARM.Build.0 = Debug|ARM
		{C3FC2604-606D-497D-ABA8-3189EE259D04}.Debug|ARM.Deploy.0 = Debug|ARM
		{C3FC2604-606D-497D-ABA8-3189EE259D04}.Debug|ARM64.ActiveCfg = Debug|ARM64
		{C3FC2604-606D-497D-ABA8-3189EE259D04}.Debug|ARM64.Build.0 = Debug|ARM64
		{C3FC2604-606D-497D-ABA8-3189EE259D04}.Debug|ARM64.Deploy.0 = Debug|ARM64
		{C3FC2604-606D-497D-ABA8-3189EE259D04}.Debug|x64.ActiveCfg = Debug|x64
		{C3FC2604-606D-497D-ABA8-3189EE259D04}.Debug|x64.Build.0 = Debug|x64
		{C3FC2604-606D-497D-ABA8-3189EE259D04}.Debug|x64.Deploy.0 = Debug|x64
		{C3FC2604-606D-497D-ABA8-3189EE259D04}.Debug|x86.ActiveCfg = Debug|x86
		{C3FC2604-606D-497D-ABA8-3189EE259D04}.Debug|x86.Build.0 = Debug|x86
		{C3FC2604-606D-497D-ABA8-3189EE259D04}.Debug|x86.Deploy.0 = Debug|x86
		{C3FC2604-606D-497D-ABA8-3189EE259D04}.Release|ARM.ActiveCfg = Release|ARM
		{C3FC2604-606D-497D-ABA8-3189EE259D04}.Release|ARM.Build.0 = Release|ARM
		{C3FC2604-606D-497D-ABA8-3189EE259D04}.Release|ARM.Deploy.0 = Release|ARM
		{C3FC2604-606D-497D-ABA8-3189EE259D04}.Release|ARM64.ActiveCfg = Release|ARM64
		{C3FC2604-606D-497D-ABA8-3189EE259D04}.Release|ARM64.Build.0 = Release|ARM64
		{C3FC2604-606D-497D-ABA8-3189EE259D04}.Release|ARM64.Deploy.0 = Release|ARM64
		{C3FC2604-606D-497D-ABA8-3189EE259D04}.Release|x64.ActiveCfg = Release|x64
		{C3FC2604-606D-497D-ABA8-3189EE259D04}.Release|x64.Build.0 = Release|x64
		{C3FC2604-606D-497D-ABA8-3189EE259D04}.Release|x64.Deploy.0 = Release|x64
		{C3FC2604-606D-497D-ABA8-3189EE259D04}.Release|x86.ActiveCfg = Release|x86
		{C3FC2604-606D-497D-ABA8-3189EE259D04}.Release|x86.Build.0 = Release|x86
		{C3FC2604-606D-497D-ABA8-3189EE259D04}.Release|x86.Deploy.0 = Release|x86
		{9A7C8448-2A9B-42FB-BB75-8F3B8DF120B8}.Debug|ARM.ActiveCfg = Debug|ARM
		{9A7C8448-2A9B-42FB-BB75-8F3B8DF120B8}.Debug|ARM.Build.0 = Debug|ARM
		{9A7C8448-2A9B-42FB-BB75-8F3B8DF120B8}.Debug|ARM64.ActiveCfg = Debug|ARM64
		{9A7C8448-2A9B-42FB-BB75-8F3B8DF120B8}.Debug|ARM64.Build.0 = Debug|ARM64
		{9A7C8448-2A9B-42FB-BB75-8F3B8DF120B8}.Debug|x64.ActiveCfg = Debug|x64
		{9A7C8448-2A9B-42FB-BB75-8F3B8DF120B8}.Debug|x64.Build.0 = Debug|x64
		{9A7C8448-2A9B-42FB-BB75-8F3B8DF120B8}.Debug|x86.ActiveCfg = Debug|Any CPU
		{9A7C8448-2A9B-42FB-BB75-8F3B8DF120B8}.Debug|x86.Build.0 = Debug|Any CPU
		{9A7C8448-2A9B-42FB-BB75-8F3B8DF120B8}.Release|ARM.ActiveCfg = Release|ARM
		{9A7C8448-2A9B-42FB-BB75-8F3B8DF120B8}.Release|ARM.Build.0 = Release|ARM
		{9A7C8448-2A9B-42FB-BB75-8F3B8DF120B8}.Release|ARM64.ActiveCfg = Release|ARM64
		{9A7C8448-2A9B-42FB-BB75-8F3B8DF120B8}.Release|ARM64.Build.0 = Release|ARM64
		{9A7C8448-2A9B-42FB-BB75-8F3B8DF120B8}.Release|x64.ActiveCfg = Release|x64
		{9A7C8448-2A9B-42FB-BB75-8F3B8DF120B8}.Release|x64.Build.0 = Release|x64
		{9A7C8448-2A9B-42FB-BB75-8F3B8DF120B8}.Release|x86.ActiveCfg = Release|Any CPU
		{9A7C8448-2A9B-42FB-BB75-8F3B8DF120B8}.Release|x86.Build.0 = Release|Any CPU
		{3B34D0AA-E471-4F7A-A1D1-CE632903E4FB}.Debug|ARM.ActiveCfg = Debug|Any CPU
		{3B34D0AA-E471-4F7A-A1D1-CE632903E4FB}.Debug|ARM.Build.0 = Debug|Any CPU
		{3B34D0AA-E471-4F7A-A1D1-CE632903E4FB}.Debug|ARM64.ActiveCfg = Debug|Any CPU
		{3B34D0AA-E471-4F7A-A1D1-CE632903E4FB}.Debug|ARM64.Build.0 = Debug|Any CPU
		{3B34D0AA-E471-4F7A-A1D1-CE632903E4FB}.Debug|x64.ActiveCfg = Debug|Any CPU
		{3B34D0AA-E471-4F7A-A1D1-CE632903E4FB}.Debug|x64.Build.0 = Debug|Any CPU
		{3B34D0AA-E471-4F7A-A1D1-CE632903E4FB}.Debug|x86.ActiveCfg = Debug|Any CPU
		{3B34D0AA-E471-4F7A-A1D1-CE632903E4FB}.Debug|x86.Build.0 = Debug|Any CPU
		{3B34D0AA-E471-4F7A-A1D1-CE632903E4FB}.Release|ARM.ActiveCfg = Release|Any CPU
		{3B34D0AA-E471-4F7A-A1D1-CE632903E4FB}.Release|ARM.Build.0 = Release|Any CPU
		{3B34D0AA-E471-4F7A-A1D1-CE632903E4FB}.Release|ARM64.ActiveCfg = Release|Any CPU
		{3B34D0AA-E471-4F7A-A1D1-CE632903E4FB}.Release|ARM64.Build.0 = Release|Any CPU
		{3B34D0AA-E471-4F7A-A1D1-CE632903E4FB}.Release|x64.ActiveCfg = Release|Any CPU
		{3B34D0AA-E471-4F7A-A1D1-CE632903E4FB}.Release|x64.Build.0 = Release|Any CPU
		{3B34D0AA-E471-4F7A-A1D1-CE632903E4FB}.Release|x86.ActiveCfg = Release|Any CPU
		{3B34D0AA-E471-4F7A-A1D1-CE632903E4FB}.Release|x86.Build.0 = Release|Any CPU
		{909E1397-B1B9-4772-9266-34833A0B277C}.Debug|ARM.ActiveCfg = Debug|ARM
		{909E1397-B1B9-4772-9266-34833A0B277C}.Debug|ARM.Build.0 = Debug|ARM
		{909E1397-B1B9-4772-9266-34833A0B277C}.Debug|ARM64.ActiveCfg = Debug|ARM64
		{909E1397-B1B9-4772-9266-34833A0B277C}.Debug|ARM64.Build.0 = Debug|ARM64
		{909E1397-B1B9-4772-9266-34833A0B277C}.Debug|x64.ActiveCfg = Debug|x64
		{909E1397-B1B9-4772-9266-34833A0B277C}.Debug|x64.Build.0 = Debug|x64
		{909E1397-B1B9-4772-9266-34833A0B277C}.Debug|x86.ActiveCfg = Debug|Win32
		{909E1397-B1B9-4772-9266-34833A0B277C}.Debug|x86.Build.0 = Debug|Win32
		{909E1397-B1B9-4772-9266-34833A0B277C}.Release|ARM.ActiveCfg = Release|ARM
		{909E1397-B1B9-4772-9266-34833A0B277C}.Release|ARM.Build.0 = Release|ARM
		{909E1397-B1B9-4772-9266-34833A0B277C}.Release|ARM64.ActiveCfg = Release|ARM64
		{909E1397-B1B9-4772-9266-34833A0B277C}.Release|ARM64.Build.0 = Release|ARM64
		{909E1397-B1B9-4772-9266-34833A0B277C}.Release|x64.ActiveCfg = Release|x64
		{909E1397-B1B9-4772-9266-34833A0B277C}.Release|x64.Build.0 = Release|x64
		{909E1397-B1B9-4772-9266-34833A0B277C}.Release|x86.ActiveCfg = Release|Win32
		{909E1397-B1B9-4772-9266-34833A0B277C}.Release|x86.Build.0 = Release|Win32
		{B833DA1B-775F-4713-8AE6-935917C6CC31}.Debug|ARM.ActiveCfg = Debug|Any CPU
		{B833DA1B-775F-4713-8AE6-935917C6CC31}.Debug|ARM.Build.0 = Debug|Any CPU
		{B833DA1B-775F-4713-8AE6-935917C6CC31}.Debug|ARM64.ActiveCfg = Debug|Any CPU
		{B833DA1B-775F-4713-8AE6-935917C6CC31}.Debug|ARM64.Build.0 = Debug|Any CPU
		{B833DA1B-775F-4713-8AE6-935917C6CC31}.Debug|x64.ActiveCfg = Debug|Any CPU
		{B833DA1B-775F-4713-8AE6-935917C6CC31}.Debug|x64.Build.0 = Debug|Any CPU
		{B833DA1B-775F-4713-8AE6-935917C6CC31}.Debug|x86.ActiveCfg = Debug|Any CPU
		{B833DA1B-775F-4713-8AE6-935917C6CC31}.Debug|x86.Build.0 = Debug|Any CPU
		{B833DA1B-775F-4713-8AE6-935917C6CC31}.Release|ARM.ActiveCfg = Release|Any CPU
		{B833DA1B-775F-4713-8AE6-935917C6CC31}.Release|ARM.Build.0 = Release|Any CPU
		{B833DA1B-775F-4713-8AE6-935917C6CC31}.Release|ARM64.ActiveCfg = Release|Any CPU
		{B833DA1B-775F-4713-8AE6-935917C6CC31}.Release|ARM64.Build.0 = Release|Any CPU
		{B833DA1B-775F-4713-8AE6-935917C6CC31}.Release|x64.ActiveCfg = Release|Any CPU
		{B833DA1B-775F-4713-8AE6-935917C6CC31}.Release|x64.Build.0 = Release|Any CPU
		{B833DA1B-775F-4713-8AE6-935917C6CC31}.Release|x86.ActiveCfg = Release|Any CPU
		{B833DA1B-775F-4713-8AE6-935917C6CC31}.Release|x86.Build.0 = Release|Any CPU
		{44B7CD69-D95D-61F4-5F62-48C37228191D}.Debug|ARM.ActiveCfg = Debug|Any CPU
		{44B7CD69-D95D-61F4-5F62-48C37228191D}.Debug|ARM.Build.0 = Debug|Any CPU
		{44B7CD69-D95D-61F4-5F62-48C37228191D}.Debug|ARM64.ActiveCfg = Debug|Any CPU
		{44B7CD69-D95D-61F4-5F62-48C37228191D}.Debug|ARM64.Build.0 = Debug|Any CPU
		{44B7CD69-D95D-61F4-5F62-48C37228191D}.Debug|x64.ActiveCfg = Debug|Any CPU
		{44B7CD69-D95D-61F4-5F62-48C37228191D}.Debug|x64.Build.0 = Debug|Any CPU
		{44B7CD69-D95D-61F4-5F62-48C37228191D}.Debug|x86.ActiveCfg = Debug|Any CPU
		{44B7CD69-D95D-61F4-5F62-48C37228191D}.Debug|x86.Build.0 = Debug|Any CPU
		{44B7CD69-D95D-61F4-5F62-48C37228191D}.Release|ARM.ActiveCfg = Release|Any CPU
		{44B7CD69-D95D-61F4-5F62-48C37228191D}.Release|ARM.Build.0 = Release|Any CPU
		{44B7CD69-D95D-61F4-5F62-48C37228191D}.Release|ARM64.ActiveCfg = Release|Any CPU
		{44B7CD69-D95D-61F4-5F62-48C37228191D}.Release|ARM64.Build.0 = Release|Any CPU
		{44B7CD69-D95D-61F4-5F62-48C37228191D}.Release|x64.ActiveCfg = Release|Any CPU
		{44B7CD69-D95D-61F4-5F62-48C37228191D}.Release|x64.Build.0 = Release|Any CPU
		{44B7CD69-D95D-61F4-5F62-48C37228191D}.Release|x86.ActiveCfg = Release|Any CPU
		{44B7CD69-D95D-61F4-5F62-48C37228191D}.Release|x86.Build.0 = Release|Any CPU
	EndGlobalSection
	GlobalSection(SolutionProperties) = preSolution
		HideSolutionNode = FALSE
	EndGlobalSection
	GlobalSection(NestedProjects) = preSolution
		{9FA1950F-5340-409C-A87C-F4DA83B251C5} = {083B1D8B-3D8A-4DDF-A7BF-216426150A15}
		{C3FC2604-606D-497D-ABA8-3189EE259D04} = {083B1D8B-3D8A-4DDF-A7BF-216426150A15}
		{9A7C8448-2A9B-42FB-BB75-8F3B8DF120B8} = {083B1D8B-3D8A-4DDF-A7BF-216426150A15}
		{44B7CD69-D95D-61F4-5F62-48C37228191D} = {F883AD26-E2D9-0064-49F2-B333EF800629}
	EndGlobalSection
	GlobalSection(ExtensibilityGlobals) = postSolution
		SolutionGuid = {EE8D3EF8-0DB0-4293-869A-C92F07CC849D}
	EndGlobalSection
EndGlobal
